
Microsoft Visual Studio Solution File, Format Version 12.00
# Visual Studio Version 16
VisualStudioVersion = 16.0.31424.327
MinimumVisualStudioVersion = 10.0.40219.1
Project("{FAE04EC0-301F-11D3-BF4B-00C04F79EFBC}") = "fleet-monitor", "fleet-monitor\fleet-monitor.csproj", "{283F896F-4B51-4EC5-8E45-C58B54052693}"
EndProject
Global
	GlobalSection(SolutionConfigurationPlatforms) = preSolution
		Debug|Any CPU = Debug|Any CPU
		Release|Any CPU = Release|Any CPU
	EndGlobalSection
	GlobalSection(ProjectConfigurationPlatforms) = postSolution
		{283F896F-4B51-4EC5-8E45-C58B54052693}.Debug|Any CPU.ActiveCfg = Debug|Any CPU
		{283F896F-4B51-4EC5-8E45-C58B54052693}.Debug|Any CPU.Build.0 = Debug|Any CPU
		{283F896F-4B51-4EC5-8E45-C58B54052693}.Release|Any CPU.ActiveCfg = Release|Any CPU
		{283F896F-4B51-4EC5-8E45-C58B54052693}.Release|Any CPU.Build.0 = Release|Any CPU
	EndGlobalSection
	GlobalSection(SolutionProperties) = preSolution
		HideSolutionNode = FALSE
	EndGlobalSection
	GlobalSection(ExtensibilityGlobals) = postSolution
		SolutionGuid = {5E7B79B4-4E03-4C04-8FA8-CDB6FC409EDE}
	EndGlobalSection
EndGlobal
